lockfileVersion: 5.4

importers:

  .:
    specifiers:
      prettier: ^3.0.0
    dependencies:
      prettier: 3.0.0

  packages/cli:
    specifiers:
      commander: ^15.0.0
      cross-spawn: ^7.0.0
      inquirer: ^14.0.0
    dependencies:
      commander: 15.0.0
      cross-spawn: 7.0.5
      inquirer: 14.2.3

  packages/easy:
    specifiers: {}

  packages/react:
    specifiers: {}

  packages/standard:
    specifiers: {}

  packages/strict:
    specifiers: {}

packages:

  /@inquirer/ansi/2.0.9:
    resolution: {integrity: sha512-0Ywt3S8tqM6TWUcsRlBFQ1x+X3/o8kktX0ZiKAnByYb9GFDknnOhse1PVtfiD2BXPI8ar+BWx9PV9R0lQIcygw==}
    engines: {node: '>=23.5.0 || ^22.13.0 || ^20.17.0'}
    dev: false

  /@inquirer/checkbox/5.2.6:
    resolution: {integrity: sha512-XkOardciF3tow2NUlY6/Qjk1QqYa+6WpmVLTpxXl97Uv4erczDEZ+xg1j6LqBf0ekcRSUiICQA4nQXHHkVKQ9w==}
    engines: {node: '>=23.5.0 || ^22.13.0 || ^20.17.0'}
    peerDependencies:
      '@types/node': '>=18'
    peerDependenciesMeta:
      '@types/node':
        optional: true
    dependencies:
      '@inquirer/ansi': 2.0.9
      '@inquirer/core': 12.0.4
      '@inquirer/figures': 2.0.9
      '@inquirer/type': 4.2.0
    dev: false

  /@inquirer/confirm/6.3.3:
    resolution: {integrity: sha512-ImOBgpl/sJTFp8naeSkNu4S0Sf8F8pxv3/CUx+LoBAdQvCVqFz6rSB2A/oZYsJge3+yphbEDxEkfaRNYq1OU0A==}
    engines: {node: '>=23.5.0 || ^22.13.0 || ^20.17.0'}
    peerDependencies:
      '@types/node': '>=18'
    peerDependenciesMeta:
      '@types/node':
        optional: true
    dependencies:
      '@inquirer/core': 12.0.4
      '@inquirer/type': 4.2.0
    dev: false

  /@inquirer/core/12.0.4:
    resolution: {integrity: sha512-M5fB67y7jPObI45vhD82RskWwCSm0scOvenV/I6K8tIi2gfr9DXqQqJ+iw+Wi6SgapikdOiJibYzz1gW47fsDg==}
    engines: {node: '>=23.5.0 || ^22.13.0 || ^20.17.0'}
    peerDependencies:
      '@types/node': '>=18'
    peerDependenciesMeta:
      '@types/node':
        optional: true
    dependencies:
      '@inquirer/ansi': 2.0.9
      '@inquirer/figures': 2.0.9
      '@inquirer/type': 4.2.0
      cli-width: 4.1.0
      fast-wrap-ansi: 0.2.2
      mute-stream: 3.0.0
      signal-exit: 4.1.0
    dev: false

  /@inquirer/editor/5.3.4:
    resolution: {integrity: sha512-imzxQDfw26NpcJAubMj/dE5RjU9Mp80IcT+FzsD6YoxXmL8L1QYnAFdCNv7ccGWh//73+0YP+1kfhwnExdl2VQ==}
    engines: {node: '>=23.5.0 || ^22.13.0 || ^20.17.0'}
    peerDependencies:
      '@types/node': '>=18'
    peerDependenciesMeta:
      '@types/node':
        optional: true
    dependencies:
      '@inquirer/core': 12.0.4
      '@inquirer/external-editor': 3.0.6
      '@inquirer/type': 4.2.0
    dev: false

  /@inquirer/expand/5.1.6:
    resolution: {integrity: sha512-JfiLKi7qGuHmcQO/DqR10UFEp054Y1FXZaszP5ZEfHhgHeuFoT5nNFQIXFhed/5/p07SbsV2tIJFwG/dg5+NmQ==}
    engines: {node: '>=23.5.0 || ^22.13.0 || ^20.17.0'}
    peerDependencies:
      '@types/node': '>=18'
    peerDependenciesMeta:
      '@types/node':
        optional: true
    dependencies:
      '@inquirer/core': 12.0.4
      '@inquirer/type': 4.2.0
    dev: false

  /@inquirer/external-editor/3.0.6:
    resolution: {integrity: sha512-rWmw6WG8JZ7LMn/srXEylYGhL6EXXJeROE7/4x4GREh6NgzqJBDbIgpNGsYoLPfobeb4VZtEYzPGnT5EFNYhiQ==}
    engines: {node: '>=23.5.0 || ^22.13.0 || ^20.17.0'}
    peerDependencies:
      '@types/node': '>=18'
    peerDependenciesMeta:
      '@types/node':
        optional: true
    dependencies:
      chardet: 2.1.1
      iconv-lite: 0.7.3
    dev: false

  /@inquirer/figures/2.0.9:
    resolution: {integrity: sha512-EAWgUTGQ/Umgga51dE3B2PUHbufuXarDfg86uVgoSgNHNNQnyFKcOrQLWVqYMghuSyHh8+2HUH0Js9cTC1WAdg==}
    engines: {node: '>=23.5.0 || ^22.13.0 || ^20.17.0'}
    dev: false

  /@inquirer/input/5.1.7:
    resolution: {integrity: sha512-Icrs9tuMBCxGI+lFYNO71VFOnqGO8IIrLIGqnTGh07X8jZ2la9QLAYxXcikHZQjjVhIZUtU2xyH89DVN/pPhVg==}
    engines: {node: '>=23.5.0 || ^22.13.0 || ^20.17.0'}
    peerDependencies:
      '@types/node': '>=18'
    peerDependenciesMeta:
      '@types/node':
        optional: true
    dependencies:
      '@inquirer/core': 12.0.4
      '@inquirer/type': 4.2.0
    dev: false

  /@inquirer/number/4.2.4:
    resolution: {integrity: sha512-C6g80U4U2+w2Vxa1CB0MN3a2WnQIfzLSUG0lduO3Au9GsirJsKATZkOwZPK+vZ1BlAlz+/Z5ParfQCS9E0svmg==}
    engines: {node: '>=23.5.0 || ^22.13.0 || ^20.17.0'}
    peerDependencies:
      '@types/node': '>=18'
    peerDependenciesMeta:
      '@types/node':
        optional: true
    dependencies:
      '@inquirer/core': 12.0.4
      '@inquirer/type': 4.2.0
    dev: false

  /@inquirer/password/5.2.3:
    resolution: {integrity: sha512-1Uo2qfI2K3wXbfunMpvwAzoZPIUf5iEETwDGqRVbswoorXGqYQJ/bfIJFeLj+pxjq+e2UFPNOmx+fsIl4Urigw==}
    engines: {node: '>=23.5.0 || ^22.13.0 || ^20.17.0'}
    peerDependencies:
      '@types/node': '>=18'
    peerDependenciesMeta:
      '@types/node':
        optional: true
    dependencies:
      '@inquirer/ansi': 2.0.9
      '@inquirer/core': 12.0.4
      '@inquirer/type': 4.2.0
    dev: false

  /@inquirer/prompts/8.7.3:
    resolution: {integrity: sha512-DHK20kO+H5k/XcJQpHQUpVQbMYHHhZchlGWhZVMUV4WIuRuBW5744hipOtriE1vMqPLgnIyXFMHWKkIbTepa4Q==}
    engines: {node: '>=23.5.0 || ^22.13.0 || ^20.17.0'}
    peerDependencies:
      '@types/node': '>=18'
    peerDependenciesMeta:
      '@types/node':
        optional: true
    dependencies:
      '@inquirer/checkbox': 5.2.6
      '@inquirer/confirm': 6.3.3
      '@inquirer/editor': 5.3.4
      '@inquirer/expand': 5.1.6
      '@inquirer/input': 5.1.7
      '@inquirer/number': 4.2.4
      '@inquirer/password': 5.2.3
      '@inquirer/rawlist': 5.3.6
      '@inquirer/search': 4.3.4
      '@inquirer/select': 5.2.6
    dev: false

  /@inquirer/rawlist/5.3.6:
    resolution: {integrity: sha512-2exExhQ5xTBqfN/rRlZkvM1Gm3b0eiLcWe2NqxWxe7qYmnU4M3j/n9TwzfPUb+Q7dAAz9TmBtDWWdF3jbp4ZLA==}
    engines: {node: '>=23.5.0 || ^22.13.0 || ^20.17.0'}
    peerDependencies:
      '@types/node': '>=18'
    peerDependenciesMeta:
      '@types/node':
        optional: true
    dependencies:
      '@inquirer/core': 12.0.4
      '@inquirer/type': 4.2.0
    dev: false

  /@inquirer/search/4.3.4:
    resolution: {integrity: sha512-xsk0UeFP04jsbEeFMzghjUaH2aHXyt+WykSajQzq/8qyBNHsgGYHea/sFwv5T08kW7Sp+KDX8aF124zPUIs1Ww==}
    engines: {node: '>=23.5.0 || ^22.13.0 || ^20.17.0'}
    peerDependencies:
      '@types/node': '>=18'
    peerDependenciesMeta:
      '@types/node':
        optional: true
    dependencies:
      '@inquirer/core': 12.0.4
      '@inquirer/figures': 2.0.9
      '@inquirer/type': 4.2.0
    dev: false

  /@inquirer/select/5.2.6:
    resolution: {integrity: sha512-jFu7CFghlr0vpi/326a4wz6BGkJH9X3H/iIu+ahyV2Ja52ktqQE3fC9BYP47JKeSPQYGUv5xquE2Vp9PbepZ3g==}
    engines: {node: '>=23.5.0 || ^22.13.0 || ^20.17.0'}
    peerDependencies:
      '@types/node': '>=18'
    peerDependenciesMeta:
      '@types/node':
        optional: true
    dependencies:
      '@inquirer/ansi': 2.0.9
      '@inquirer/core': 12.0.4
      '@inquirer/figures': 2.0.9
      '@inquirer/type': 4.2.0
    dev: false

  /@inquirer/type/4.2.0:
    resolution: {integrity: sha512-2rnHX8RPo4glJYqnFc/v3nQeIhDcjyRRyaT7MGcfL/8xv/8K03SXYoA2tX06WVSKywWOE/ncbG3dtuzLjR5TCQ==}
    engines: {node: '>=23.5.0 || ^22.13.0 || ^20.17.0'}
    peerDependencies:
      '@types/node': '>=18'
    peerDependenciesMeta:
      '@types/node':
        optional: true
    dev: false

  /chardet/2.1.1:
    resolution: {integrity: sha512-PsezH1rqdV9VvyNhxxOW32/d75r01NY7TQCmOqomRo15ZSOKbpTFVsfjghxo6JloQUCGnH4k1LGu0R4yCLlWQQ==}
    dev: false

  /cli-width/4.1.0:
    resolution: {integrity: sha512-ouuZd4/dm2Sw5Gmqy6bGyNNNe1qt9RpmxveLSO7KcgsTnU7RXfsw+/bukWGo1abgBiMAic068rclZsO4IWmmxQ==}
    engines: {node: '>= 12'}
    dev: false

  /commander/15.0.0:
    resolution: {integrity: sha512-z67u4ZhzCL/Tydu1lJARtEZYWbWaN7oYLHbsuzocr6y4N6WZAagG3RQ4FW61V1/0+jImpj293XfrcYnd1qxtPg==}
    engines: {node: '>=22.12.0'}
    dev: false

  /cross-spawn/7.0.5:
    resolution: {integrity: sha512-ZVJrKKYunU38/76t0RMOulHOnUcbU9GbpWKAOZ0mhjr7CX6FVrH+4FrAapSOekrgFQ3f/8gwMEuIft0aKq6Hug==}
    engines: {node: '>= 8'}
    dependencies:
      path-key: 3.1.1
      shebang-command: 2.0.0
      which: 2.0.2
    dev: false

  /fast-string-truncated-width/3.0.3:
    resolution: {integrity: sha512-0jjjIEL6+0jag3l2XWWizO64/aZVtpiGE3t0Zgqxv0DPuxiMjvB3M24fCyhZUO4KomJQPj3LTSUnDP3GpdwC0g==}
    dev: false

  /fast-string-width/3.0.2:
    resolution: {integrity: sha512-gX8LrtNEI5hq8DVUfRQMbr5lpaS4nMIWV+7XEbXk2b8kiQIizgnlr12B4dA3ZEx3308ze0O4Q1R+cHts8kyUJg==}
    dependencies:
      fast-string-truncated-width: 3.0.3
    dev: false

  /fast-wrap-ansi/0.2.2:
    resolution: {integrity: sha512-7F2Fl+TjRSenLqlU3UjSH0iyqopqoZIu7eZVpEirP2g1GtWa2G/ecEmBdgz31+Mxr+ELclgg6sokpSFIQiZ02Q==}
    dependencies:
      fast-string-width: 3.0.2
    dev: false

  /iconv-lite/0.7.3:
    resolution: {integrity: sha512-IKXpvIzjnC9XTAUbVBcMfGS0EPaIXtW6v+zr+RRp+hqULEpo0owZax6wyRwPOJbWbzjYspQwusTsfVr0ifh4uQ==}
    engines: {node: '>=0.10.0'}
    dependencies:
      safer-buffer: 2.1.2
    dev: false

  /inquirer/14.2.3:
    resolution: {integrity: sha512-eKUcE0H/iewXjEPNvIDXYp6xcgFPyUdk3My/HWQgL8WF7jLCJEdQUsQ+5WvXQs8Fj4iH3mJCzLX1JbsoJSliUw==}
    engines: {node: '>=23.5.0 || ^22.13.0 || ^20.17.0'}
    peerDependencies:
      '@types/node': '>=18'
    peerDependenciesMeta:
      '@types/node':
        optional: true
    dependencies:
      '@inquirer/ansi': 2.0.9
      '@inquirer/core': 12.0.4
      '@inquirer/prompts': 8.7.3
      '@inquirer/type': 4.2.0
      mute-stream: 3.0.0
      run-async: 4.0.6
    dev: false

  /isexe/2.0.0:
    resolution: {integrity: sha512-RHxMLp9lnKHGHRng9QFhRCMbYAcVpn69smSGcq3f36xjgVVWThj4qqLbTLlq7Ssj8B+fIQ1EuCEGI2lKsyQeIw==}
    dev: false

  /mute-stream/3.0.0:
    resolution: {integrity: sha512-dkEJPVvun4FryqBmZ5KhDo0K9iDXAwn08tMLDinNdRBNPcYEDiWYysLcc6k3mjTMlbP9KyylvRpd4wFtwrT9rw==}
    engines: {node: ^20.17.0 || >=22.9.0}
    dev: false

  /path-key/3.1.1:
    resolution: {integrity: sha512-ojmeN0qd+y0jszEtoY48r0Peq5dwMEkIlCOu6Q5f41lfkswXuKtYrhgoTpLnyIcHm24Uhqx+5Tqm2InSwLhE6Q==}
    engines: {node: '>=8'}
    dev: false

  /prettier/3.0.0:
    resolution: {integrity: sha512-zBf5eHpwHOGPC47h0zrPyNn+eAEIdEzfywMoYn2XPi0P44Zp0tSq64rq0xAREh4auw2cJZHo9QUob+NqCQky4g==}
    engines: {node: '>=14'}
    hasBin: true
    dev: false

  /run-async/4.0.6:
    resolution: {integrity: sha512-IoDlSLTs3Yq593mb3ZoKWKXMNu3UpObxhgA/Xuid5p4bbfi2jdY1Hj0m1K+0/tEuQTxIGMhQDqGjKb7RuxGpAQ==}
    engines: {node: '>=0.12.0'}
    dev: false

  /safer-buffer/2.1.2:
    resolution: {integrity: sha512-YZo3K82SD7Riyi0E1EQPojLz7kpepnSQI9IyPbHHg1XXXevb5dJI7tpyN2ADxGcQbHG7vcyRHk0cbwqcQriUtg==}
    dev: false

  /shebang-command/2.0.0:
    resolution: {integrity: sha512-kHxr2zZpYtdmrN1qDjrrX/Z1rR1kG8Dx+gkpK1G4eXmvXswmcE1hTWBWYUzlraYw1/yZp6YuDY77YtvbN0dmDA==}
    engines: {node: '>=8'}
    dependencies:
      shebang-regex: 3.0.0
    dev: false

  /shebang-regex/3.0.0:
    resolution: {integrity: sha512-7++dFhtcx3353uBaq8DDR4NuxBetBzC7ZQOhmTQInHEd6bSrXdiEyzCvG07Z44UYdLShWUyXt5M/yhz8ekcb1A==}
    engines: {node: '>=8'}
    dev: false

  /signal-exit/4.1.0:
    resolution: {integrity: sha512-bzyZ1e88w9O1iNJbKnOlvYTrWPDl46O1bG0D3XInv+9tkPrxrN8jUUTiFlDkkmKWgn1M6CfIA13SuGqOa9Korw==}
    engines: {node: '>=14'}
    dev: false

  /which/2.0.2:
    resolution: {integrity: sha512-BLI3Tl1TW3Pvl70l3yq3Y64i+awpwXqsGBYWkkqMtnbXgrMD+yj7rhW0kuEDxzJaYXGjEW5ogapKNMEKNMjibA==}
    engines: {node: '>= 8'}
    hasBin: true
    dependencies:
      isexe: 2.0.0
    dev: false
