lockfileVersion: 5.4

importers:

  .:
    specifiers:
      prettier: ^3.0.0
    dependencies:
      prettier: 3.0.0

  packages/cli:
    specifiers:
      commander: ^15.0.0
      cross-spawn: ^7.0.0
      inquirer: ^14.0.0
    dependencies:
      commander: 15.0.0
      cross-spawn: 7.0.5
      inquirer: 14.2.1

  packages/easy:
    specifiers: {}

  packages/react:
    specifiers: {}

  packages/standard:
    specifiers: {}

  packages/strict:
    specifiers: {}

packages:

  /@inquirer/ansi/2.0.8:
    resolution: {integrity: sha512-WpQM+Ti6Z40EFwwt+uL2p4UabT+W179zHp6HhLVOzfbwnVn05IPO/eXIZXGNqcT1jbQ15SujNLzQ39k4QPPxBQ==}
    engines: {node: '>=23.5.0 || ^22.13.0 || ^20.17.0'}
    dev: false

  /@inquirer/checkbox/5.2.4:
    resolution: {integrity: sha512-oKT5RNeO9oKYizSyOxKb66IrKUsYVMQD2tnjllYW4wmSOe9WawfL3OE2p82JuvAyo+/nDIEem5P4Bm/ZIVYVew==}
    engines: {node: '>=23.5.0 || ^22.13.0 || ^20.17.0'}
    peerDependencies:
      '@types/node': '>=18'
    peerDependenciesMeta:
      '@types/node':
        optional: true
    dependencies:
      '@inquirer/ansi': 2.0.8
      '@inquirer/core': 12.0.2
      '@inquirer/figures': 2.0.9
      '@inquirer/type': 4.1.1
    dev: false

  /@inquirer/confirm/6.3.1:
    resolution: {integrity: sha512-HvnOHal39DTenOVoRpIy8Z+n4YYfNa3Qhi/P8zFqn9/d1crpmQG0DPx34rwOeOFvotgKr9Vov/14OmKR/Iwfjw==}
    engines: {node: '>=23.5.0 || ^22.13.0 || ^20.17.0'}
    peerDependencies:
      '@types/node': '>=18'
    peerDependenciesMeta:
      '@types/node':
        optional: true
    dependencies:
      '@inquirer/core': 12.0.2
      '@inquirer/type': 4.1.1
    dev: false

  /@inquirer/core/12.0.2:
    resolution: {integrity: sha512-9pBhkxE14uUlnHhs8lOt7qVPtS4caRY6CjADl8COejl9Mf7w8i6Uoe3DrljCqYtmYM3Iv2Q6EmPxx/oTYbvTAQ==}
    engines: {node: '>=23.5.0 || ^22.13.0 || ^20.17.0'}
    peerDependencies:
      '@types/node': '>=18'
    peerDependenciesMeta:
      '@types/node':
        optional: true
    dependencies:
      '@inquirer/ansi': 2.0.8
      '@inquirer/figures': 2.0.9
      '@inquirer/type': 4.1.1
      cli-width: 4.1.0
      fast-wrap-ansi: 0.2.2
      mute-stream: 3.0.0
      signal-exit: 4.1.0
    dev: false

  /@inquirer/editor/5.3.2:
    resolution: {integrity: sha512-7ruKO5d/wxhGHxdCQ3eyP/aBNrPTZ+Ju7ERtnAwuIsu0RSLs6kotlTRkOxHatbD6sDaEEdwsD82pzFiT9ESIyQ==}
    engines: {node: '>=23.5.0 || ^22.13.0 || ^20.17.0'}
    peerDependencies:
      '@types/node': '>=18'
    peerDependenciesMeta:
      '@types/node':
        optional: true
    dependencies:
      '@inquirer/core': 12.0.2
      '@inquirer/external-editor': 3.0.5
      '@inquirer/type': 4.1.1
    dev: false

  /@inquirer/expand/5.1.4:
    resolution: {integrity: sha512-12o4aYnjWouoq0fyVhYIL+hwXAaga+kntA/wrijFmVvn2heinkdvkbEXRt1Ob/9IOJ285US5tntjfI/Ukt2YkA==}
    engines: {node: '>=23.5.0 || ^22.13.0 || ^20.17.0'}
    peerDependencies:
      '@types/node': '>=18'
    peerDependenciesMeta:
      '@types/node':
        optional: true
    dependencies:
      '@inquirer/core': 12.0.2
      '@inquirer/type': 4.1.1
    dev: false

  /@inquirer/external-editor/3.0.5:
    resolution: {integrity: sha512-f3QQJRIX5ZEneBHNUIuPjmbdzHnmRFJA8r2dkcb8q+OM5Uv5KtnuAttQumnrjcBVBM3mcTX1CkmtAkU58VRZxg==}
    engines: {node: '>=23.5.0 || ^22.13.0 || ^20.17.0'}
    peerDependencies:
      '@types/node': '>=18'
    peerDependenciesMeta:
      '@types/node':
        optional: true
    dependencies:
      chardet: 2.1.1
      iconv-lite: 0.7.3
    dev: false

  /@inquirer/figures/2.0.9:
    resolution: {integrity: sha512-EAWgUTGQ/Umgga51dE3B2PUHbufuXarDfg86uVgoSgNHNNQnyFKcOrQLWVqYMghuSyHh8+2HUH0Js9cTC1WAdg==}
    engines: {node: '>=23.5.0 || ^22.13.0 || ^20.17.0'}
    dev: false

  /@inquirer/input/5.1.5:
    resolution: {integrity: sha512-2MkYYFD1Owt1eRBwHhsLSutysRodWasA4DVpl42KJKGmzwBTXRYAIXujisrt0UW0UohUlMjNjLfMDbw4emRbfw==}
    engines: {node: '>=23.5.0 || ^22.13.0 || ^20.17.0'}
    peerDependencies:
      '@types/node': '>=18'
    peerDependenciesMeta:
      '@types/node':
        optional: true
    dependencies:
      '@inquirer/core': 12.0.2
      '@inquirer/type': 4.1.1
    dev: false

  /@inquirer/number/4.2.2:
    resolution: {integrity: sha512-tjW1gMIQsFb/9Ie11i8SpuPARBdyCVfC5XOeVugWovrdm8CpjzN+A1CBX5QwCCN2mtNmpgDDCnuLCCT94cQ5zA==}
    engines: {node: '>=23.5.0 || ^22.13.0 || ^20.17.0'}
    peerDependencies:
      '@types/node': '>=18'
    peerDependenciesMeta:
      '@types/node':
        optional: true
    dependencies:
      '@inquirer/core': 12.0.2
      '@inquirer/type': 4.1.1
    dev: false

  /@inquirer/password/5.2.1:
    resolution: {integrity: sha512-InA6nJxMCXPavPBiTKYHIsYiWz/mkIsk1rkI6pKp5w18gVawqrZOj7eSzSmPJa3j0pVxXm6RlrFP1BE9YeOixA==}
    engines: {node: '>=23.5.0 || ^22.13.0 || ^20.17.0'}
    peerDependencies:
      '@types/node': '>=18'
    peerDependenciesMeta:
      '@types/node':
        optional: true
    dependencies:
      '@inquirer/ansi': 2.0.8
      '@inquirer/core': 12.0.2
      '@inquirer/type': 4.1.1
    dev: false

  /@inquirer/prompts/8.7.1:
    resolution: {integrity: sha512-xJIKWyrFNUKj3R5VEub/iKodG9Sh/MbCeApZUbATJgHTw8YoAJ2gOT78HlvO6NMFiRvjm6ySM7aiAew/zVY0Sw==}
    engines: {node: '>=23.5.0 || ^22.13.0 || ^20.17.0'}
    peerDependencies:
      '@types/node': '>=18'
    peerDependenciesMeta:
      '@types/node':
        optional: true
    dependencies:
      '@inquirer/checkbox': 5.2.4
      '@inquirer/confirm': 6.3.1
      '@inquirer/editor': 5.3.2
      '@inquirer/expand': 5.1.4
      '@inquirer/input': 5.1.5
      '@inquirer/number': 4.2.2
      '@inquirer/password': 5.2.1
      '@inquirer/rawlist': 5.3.4
      '@inquirer/search': 4.3.2
      '@inquirer/select': 5.2.4
    dev: false

  /@inquirer/rawlist/5.3.4:
    resolution: {integrity: sha512-c4fDwOpQsjJDHjXdHJE1/xXH6w9/BAiyu3QKzH9Ww5Xm1q37mzyUNa20L7qdtM1ECi4e+oUEKjhK8hR37OMAMQ==}
    engines: {node: '>=23.5.0 || ^22.13.0 || ^20.17.0'}
    peerDependencies:
      '@types/node': '>=18'
    peerDependenciesMeta:
      '@types/node':
        optional: true
    dependencies:
      '@inquirer/core': 12.0.2
      '@inquirer/type': 4.1.1
    dev: false

  /@inquirer/search/4.3.2:
    resolution: {integrity: sha512-YIaEhWmfkdHEWOKwhF/oJar35FFTTrAdzNbJDo9lSsRT6E/obRPx9oVm4rkTMtlcJSqGYttNtLbcHQef9Qw2yw==}
    engines: {node: '>=23.5.0 || ^22.13.0 || ^20.17.0'}
    peerDependencies:
      '@types/node': '>=18'
    peerDependenciesMeta:
      '@types/node':
        optional: true
    dependencies:
      '@inquirer/core': 12.0.2
      '@inquirer/figures': 2.0.9
      '@inquirer/type': 4.1.1
    dev: false

  /@inquirer/select/5.2.4:
    resolution: {integrity: sha512-L9ubNaJdoBsiom/AfPKq0QLHTkhhCFCtszzdVidGremrlJjPZfGlmvp+IULKIbnYjtVFWnvb4mhiEdNTZ12ugA==}
    engines: {node: '>=23.5.0 || ^22.13.0 || ^20.17.0'}
    peerDependencies:
      '@types/node': '>=18'
    peerDependenciesMeta:
      '@types/node':
        optional: true
    dependencies:
      '@inquirer/ansi': 2.0.8
      '@inquirer/core': 12.0.2
      '@inquirer/figures': 2.0.9
      '@inquirer/type': 4.1.1
    dev: false

  /@inquirer/type/4.1.1:
    resolution: {integrity: sha512-yJoHYrMnxIsJZCY+0Vb66Dy3he3kL3e2wOBKhoSwWWAzZAY82emlxwgprCtp6yRixvNRNq9ztfRWQYPNr3Go7A==}
    engines: {node: '>=23.5.0 || ^22.13.0 || ^20.17.0'}
    peerDependencies:
      '@types/node': '>=18'
    peerDependenciesMeta:
      '@types/node':
        optional: true
    dev: false

  /chardet/2.1.1:
    resolution: {integrity: sha512-PsezH1rqdV9VvyNhxxOW32/d75r01NY7TQCmOqomRo15ZSOKbpTFVsfjghxo6JloQUCGnH4k1LGu0R4yCLlWQQ==}
    dev: false

  /cli-width/4.1.0:
    resolution: {integrity: sha512-ouuZd4/dm2Sw5Gmqy6bGyNNNe1qt9RpmxveLSO7KcgsTnU7RXfsw+/bukWGo1abgBiMAic068rclZsO4IWmmxQ==}
    engines: {node: '>= 12'}
    dev: false

  /commander/15.0.0:
    resolution: {integrity: sha512-z67u4ZhzCL/Tydu1lJARtEZYWbWaN7oYLHbsuzocr6y4N6WZAagG3RQ4FW61V1/0+jImpj293XfrcYnd1qxtPg==}
    engines: {node: '>=22.12.0'}
    dev: false

  /cross-spawn/7.0.5:
    resolution: {integrity: sha512-ZVJrKKYunU38/76t0RMOulHOnUcbU9GbpWKAOZ0mhjr7CX6FVrH+4FrAapSOekrgFQ3f/8gwMEuIft0aKq6Hug==}
    engines: {node: '>= 8'}
    dependencies:
      path-key: 3.1.1
      shebang-command: 2.0.0
      which: 2.0.2
    dev: false

  /fast-string-truncated-width/3.0.3:
    resolution: {integrity: sha512-0jjjIEL6+0jag3l2XWWizO64/aZVtpiGE3t0Zgqxv0DPuxiMjvB3M24fCyhZUO4KomJQPj3LTSUnDP3GpdwC0g==}
    dev: false

  /fast-string-width/3.0.2:
    resolution: {integrity: sha512-gX8LrtNEI5hq8DVUfRQMbr5lpaS4nMIWV+7XEbXk2b8kiQIizgnlr12B4dA3ZEx3308ze0O4Q1R+cHts8kyUJg==}
    dependencies:
      fast-string-truncated-width: 3.0.3
    dev: false

  /fast-wrap-ansi/0.2.2:
    resolution: {integrity: sha512-7F2Fl+TjRSenLqlU3UjSH0iyqopqoZIu7eZVpEirP2g1GtWa2G/ecEmBdgz31+Mxr+ELclgg6sokpSFIQiZ02Q==}
    dependencies:
      fast-string-width: 3.0.2
    dev: false

  /iconv-lite/0.7.3:
    resolution: {integrity: sha512-IKXpvIzjnC9XTAUbVBcMfGS0EPaIXtW6v+zr+RRp+hqULEpo0owZax6wyRwPOJbWbzjYspQwusTsfVr0ifh4uQ==}
    engines: {node: '>=0.10.0'}
    dependencies:
      safer-buffer: 2.1.2
    dev: false

  /inquirer/14.2.1:
    resolution: {integrity: sha512-jLO8986l0/jW+K2Y5BHAhrD6ztnm8MHQgnTI5BwKV6can/LN6xYBcLbtUSvDt1jXNTASwCZszZk0ZBUT5YmH6Q==}
    engines: {node: '>=23.5.0 || ^22.13.0 || ^20.17.0'}
    peerDependencies:
      '@types/node': '>=18'
    peerDependenciesMeta:
      '@types/node':
        optional: true
    dependencies:
      '@inquirer/ansi': 2.0.8
      '@inquirer/core': 12.0.2
      '@inquirer/prompts': 8.7.1
      '@inquirer/type': 4.1.1
      mute-stream: 3.0.0
      run-async: 4.0.6
    dev: false

  /isexe/2.0.0:
    resolution: {integrity: sha512-RHxMLp9lnKHGHRng9QFhRCMbYAcVpn69smSGcq3f36xjgVVWThj4qqLbTLlq7Ssj8B+fIQ1EuCEGI2lKsyQeIw==}
    dev: false

  /mute-stream/3.0.0:
    resolution: {integrity: sha512-dkEJPVvun4FryqBmZ5KhDo0K9iDXAwn08tMLDinNdRBNPcYEDiWYysLcc6k3mjTMlbP9KyylvRpd4wFtwrT9rw==}
    engines: {node: ^20.17.0 || >=22.9.0}
    dev: false

  /path-key/3.1.1:
    resolution: {integrity: sha512-ojmeN0qd+y0jszEtoY48r0Peq5dwMEkIlCOu6Q5f41lfkswXuKtYrhgoTpLnyIcHm24Uhqx+5Tqm2InSwLhE6Q==}
    engines: {node: '>=8'}
    dev: false

  /prettier/3.0.0:
    resolution: {integrity: sha512-zBf5eHpwHOGPC47h0zrPyNn+eAEIdEzfywMoYn2XPi0P44Zp0tSq64rq0xAREh4auw2cJZHo9QUob+NqCQky4g==}
    engines: {node: '>=14'}
    hasBin: true
    dev: false

  /run-async/4.0.6:
    resolution: {integrity: sha512-IoDlSLTs3Yq593mb3ZoKWKXMNu3UpObxhgA/Xuid5p4bbfi2jdY1Hj0m1K+0/tEuQTxIGMhQDqGjKb7RuxGpAQ==}
    engines: {node: '>=0.12.0'}
    dev: false

  /safer-buffer/2.1.2:
    resolution: {integrity: sha512-YZo3K82SD7Riyi0E1EQPojLz7kpepnSQI9IyPbHHg1XXXevb5dJI7tpyN2ADxGcQbHG7vcyRHk0cbwqcQriUtg==}
    dev: false

  /shebang-command/2.0.0:
    resolution: {integrity: sha512-kHxr2zZpYtdmrN1qDjrrX/Z1rR1kG8Dx+gkpK1G4eXmvXswmcE1hTWBWYUzlraYw1/yZp6YuDY77YtvbN0dmDA==}
    engines: {node: '>=8'}
    dependencies:
      shebang-regex: 3.0.0
    dev: false

  /shebang-regex/3.0.0:
    resolution: {integrity: sha512-7++dFhtcx3353uBaq8DDR4NuxBetBzC7ZQOhmTQInHEd6bSrXdiEyzCvG07Z44UYdLShWUyXt5M/yhz8ekcb1A==}
    engines: {node: '>=8'}
    dev: false

  /signal-exit/4.1.0:
    resolution: {integrity: sha512-bzyZ1e88w9O1iNJbKnOlvYTrWPDl46O1bG0D3XInv+9tkPrxrN8jUUTiFlDkkmKWgn1M6CfIA13SuGqOa9Korw==}
    engines: {node: '>=14'}
    dev: false

  /which/2.0.2:
    resolution: {integrity: sha512-BLI3Tl1TW3Pvl70l3yq3Y64i+awpwXqsGBYWkkqMtnbXgrMD+yj7rhW0kuEDxzJaYXGjEW5ogapKNMEKNMjibA==}
    engines: {node: '>= 8'}
    hasBin: true
    dependencies:
      isexe: 2.0.0
    dev: false
