lockfileVersion: 5.4

importers:

  .:
    specifiers:
      prettier: ^3.0.0
    dependencies:
      prettier: 3.0.0

  packages/cli:
    specifiers:
      commander: ^12.0.0
      cross-spawn: ^7.0.0
      inquirer: ^10.0.0
    dependencies:
      commander: 12.0.0
      cross-spawn: 7.0.3
      inquirer: 10.0.0

  packages/easy:
    specifiers: {}

  packages/react:
    specifiers: {}

  packages/standard:
    specifiers: {}

  packages/strict:
    specifiers: {}

packages:

  /@inquirer/checkbox/2.3.10:
    resolution: {integrity: sha512-CTc864M2/523rKc9AglIzAcUCuPXDZENgc5S2KZFVRbnMzpXcYTsUWmbqSeL0XLvtlvEtNevkkVbfVhJpruOyQ==}
    engines: {node: '>=18'}
    dependencies:
      '@inquirer/core': 9.0.2
      '@inquirer/figures': 1.0.3
      '@inquirer/type': 1.4.0
      ansi-escapes: 4.3.2
      yoctocolors-cjs: 2.1.2
    dev: false

  /@inquirer/confirm/3.1.14:
    resolution: {integrity: sha512-nbLSX37b2dGPtKWL3rPuR/5hOuD30S+pqJ/MuFiUEgN6GiMs8UMxiurKAMDzKt6C95ltjupa8zH6+3csXNHWpA==}
    engines: {node: '>=18'}
    dependencies:
      '@inquirer/core': 9.0.2
      '@inquirer/type': 1.4.0
    dev: false

  /@inquirer/core/9.0.2:
    resolution: {integrity: sha512-nguvH3TZar3ACwbytZrraRTzGqyxJfYJwv+ZwqZNatAosdWQMP1GV8zvmkNlBe2JeZSaw0WYBHZk52pDpWC9qA==}
    engines: {node: '>=18'}
    dependencies:
      '@inquirer/figures': 1.0.3
      '@inquirer/type': 1.4.0
      '@types/mute-stream': 0.0.4
      '@types/node': 20.14.10
      '@types/wrap-ansi': 3.0.0
      ansi-escapes: 4.3.2
      cli-spinners: 2.9.2
      cli-width: 4.1.0
      mute-stream: 1.0.0
      signal-exit: 4.1.0
      strip-ansi: 6.0.1
      wrap-ansi: 6.2.0
      yoctocolors-cjs: 2.1.2
    dev: false

  /@inquirer/editor/2.1.14:
    resolution: {integrity: sha512-6nWpoJyVAKwAcv67bkbBmmi3f32xua79fP7TRmNUoR4K+B1GiOBsHO1YdvET/jvC+nTlBZL7puKAKyM7G+Lkzw==}
    engines: {node: '>=18'}
    dependencies:
      '@inquirer/core': 9.0.2
      '@inquirer/type': 1.4.0
      external-editor: 3.1.0
    dev: false

  /@inquirer/expand/2.1.14:
    resolution: {integrity: sha512-JcxsLajwPykF2kq6biIUdoOzTQ3LXqb8XMVrWkCprG/pFeU1SsxcSSFbF1T5jJGvvlTVcsE+JdGjbQ8ZRZ82RA==}
    engines: {node: '>=18'}
    dependencies:
      '@inquirer/core': 9.0.2
      '@inquirer/type': 1.4.0
      yoctocolors-cjs: 2.1.2
    dev: false

  /@inquirer/figures/1.0.3:
    resolution: {integrity: sha512-ErXXzENMH5pJt5/ssXV0DfWUZqly8nGzf0UcBV9xTnP+KyffE2mqyxIMBrZ8ijQck2nU0TQm40EQB53YreyWHw==}
    engines: {node: '>=18'}
    dev: false

  /@inquirer/input/2.2.1:
    resolution: {integrity: sha512-Yl1G6h7qWydzrJwqN777geeJVaAFL5Ly83aZlw4xHf8Z/BoTMfKRheyuMaQwOG7LQ4e5nQP7PxXdEg4SzQ+OKw==}
    engines: {node: '>=18'}
    dependencies:
      '@inquirer/core': 9.0.2
      '@inquirer/type': 1.4.0
    dev: false

  /@inquirer/number/1.0.2:
    resolution: {integrity: sha512-GcoK+Phxcln0Qw9e73S5a8B2Ejg3HgSTvNfDegIcS5/BKwUm8t5rejja1l09WXjZM9vrVbRDf9RzWtSUiWVYRQ==}
    engines: {node: '>=18'}
    dependencies:
      '@inquirer/core': 9.0.2
      '@inquirer/type': 1.4.0
    dev: false

  /@inquirer/password/2.1.14:
    resolution: {integrity: sha512-sPzOkXLhWJQ96K6nPZFnF8XB8tsDrcCRobd1d3EDz81F+4hp8BbdmsnsQcqZ7oYDIOVM/mWJyIUtJ35TrssJxQ==}
    engines: {node: '>=18'}
    dependencies:
      '@inquirer/core': 9.0.2
      '@inquirer/type': 1.4.0
      ansi-escapes: 4.3.2
    dev: false

  /@inquirer/prompts/5.1.2:
    resolution: {integrity: sha512-E+ndnfwtVQtcmPt888Hc/HAxJUHSaA6OIvyvLAQ5BLQv+t20GbYdFSjXeLgb47OpMU+aRsKA/ys+Zoylw3kTVg==}
    engines: {node: '>=18'}
    dependencies:
      '@inquirer/checkbox': 2.3.10
      '@inquirer/confirm': 3.1.14
      '@inquirer/editor': 2.1.14
      '@inquirer/expand': 2.1.14
      '@inquirer/input': 2.2.1
      '@inquirer/number': 1.0.2
      '@inquirer/password': 2.1.14
      '@inquirer/rawlist': 2.1.14
      '@inquirer/select': 2.3.10
    dev: false

  /@inquirer/rawlist/2.1.14:
    resolution: {integrity: sha512-pLpEzhKNQ/ugFAFfgCNaXljB+dcCwmXwR1jOxAbVeFIdB3l02E5gjI+h1rb136tq0T8JO6P5KFR1oTeld/wdrA==}
    engines: {node: '>=18'}
    dependencies:
      '@inquirer/core': 9.0.2
      '@inquirer/type': 1.4.0
      yoctocolors-cjs: 2.1.2
    dev: false

  /@inquirer/select/2.3.10:
    resolution: {integrity: sha512-rr7iR0Zj1YFfgM8IUGimPD9Yukd+n/U63CnYT9kdum6DbRXtMxR45rrreP+EA9ixCnShr+W4xj7suRxC1+8t9g==}
    engines: {node: '>=18'}
    dependencies:
      '@inquirer/core': 9.0.2
      '@inquirer/figures': 1.0.3
      '@inquirer/type': 1.4.0
      ansi-escapes: 4.3.2
      yoctocolors-cjs: 2.1.2
    dev: false

  /@inquirer/type/1.4.0:
    resolution: {integrity: sha512-AjOqykVyjdJQvtfkNDGUyMYGF8xN50VUxftCQWsOyIo4DFRLr6VQhW0VItGI1JIyQGCGgIpKa7hMMwNhZb4OIw==}
    engines: {node: '>=18'}
    dependencies:
      mute-stream: 1.0.0
    dev: false

  /@types/mute-stream/0.0.4:
    resolution: {integrity: sha512-CPM9nzrCPPJHQNA9keH9CVkVI+WR5kMa+7XEs5jcGQ0VoAGnLv242w8lIVgwAEfmE4oufJRaTc9PNLQl0ioAow==}
    dependencies:
      '@types/node': 20.14.10
    dev: false

  /@types/node/20.14.10:
    resolution: {integrity: sha512-MdiXf+nDuMvY0gJKxyfZ7/6UFsETO7mGKF54MVD/ekJS6HdFtpZFBgrh6Pseu64XTb2MLyFPlbW6hj8HYRQNOQ==}
    dependencies:
      undici-types: 5.26.5
    dev: false

  /@types/wrap-ansi/3.0.0:
    resolution: {integrity: sha512-ltIpx+kM7g/MLRZfkbL7EsCEjfzCcScLpkg37eXEtx5kmrAKBkTJwd1GIAjDSL8wTpM6Hzn5YO4pSb91BEwu1g==}
    dev: false

  /ansi-escapes/4.3.2:
    resolution: {integrity: sha512-gKXj5ALrKWQLsYG9jlTRmR/xKluxHV+Z9QEwNIgCfM1/uwPMCuzVVnh5mwTd+OuBZcwSIMbqssNWRm1lE51QaQ==}
    engines: {node: '>=8'}
    dependencies:
      type-fest: 0.21.3
    dev: false

  /ansi-regex/5.0.1:
    resolution: {integrity: sha512-quJQXlTSUGL2LH9SUXo8VwsY4soanhgo6LNSm84E1LBcE8s3O0wpdiRzyR9z/ZZJMlMWv37qOOb9pdJlMUEKFQ==}
    engines: {node: '>=8'}
    dev: false

  /ansi-styles/4.3.0:
    resolution: {integrity: sha512-zbB9rCJAT1rbjiVDb2hqKFHNYLxgtk8NURxZ3IZwD3F6NtxbXZQCnnSi1Lkx+IDohdPlFp222wVALIheZJQSEg==}
    engines: {node: '>=8'}
    dependencies:
      color-convert: 2.0.1
    dev: false

  /chardet/0.7.0:
    resolution: {integrity: sha512-mT8iDcrh03qDGRRmoA2hmBJnxpllMR+0/0qlzjqZES6NdiWDcZkCNAk4rPFZ9Q85r27unkiNNg8ZOiwZXBHwcA==}
    dev: false

  /cli-spinners/2.9.2:
    resolution: {integrity: sha512-ywqV+5MmyL4E7ybXgKys4DugZbX0FC6LnwrhjuykIjnK9k8OQacQ7axGKnjDXWNhns0xot3bZI5h55H8yo9cJg==}
    engines: {node: '>=6'}
    dev: false

  /cli-width/4.1.0:
    resolution: {integrity: sha512-ouuZd4/dm2Sw5Gmqy6bGyNNNe1qt9RpmxveLSO7KcgsTnU7RXfsw+/bukWGo1abgBiMAic068rclZsO4IWmmxQ==}
    engines: {node: '>= 12'}
    dev: false

  /color-convert/2.0.1:
    resolution: {integrity: sha512-RRECPsj7iu/xb5oKYcsFHSppFNnsj/52OVTRKb4zP5onXwVF3zVmmToNcOfGC+CRDpfK/U584fMg38ZHCaElKQ==}
    engines: {node: '>=7.0.0'}
    dependencies:
      color-name: 1.1.4
    dev: false

  /color-name/1.1.4:
    resolution: {integrity: sha512-dOy+3AuW3a2wNbZHIuMZpTcgjGuLU/uBL/ubcZF9OXbDo8ff4O8yVp5Bf0efS8uEoYo5q4Fx7dY9OgQGXgAsQA==}
    dev: false

  /commander/12.0.0:
    resolution: {integrity: sha512-MwVNWlYjDTtOjX5PiD7o5pK0UrFU/OYgcJfjjK4RaHZETNtjJqrZa9Y9ds88+A+f+d5lv+561eZ+yCKoS3gbAA==}
    engines: {node: '>=18'}
    dev: false

  /cross-spawn/7.0.3:
    resolution: {integrity: sha512-iRDPJKUPVEND7dHPO8rkbOnPpyDygcDFtWjpeWNCgy8WP2rXcxXL8TskReQl6OrB2G7+UJrags1q15Fudc7G6w==}
    engines: {node: '>= 8'}
    dependencies:
      path-key: 3.1.1
      shebang-command: 2.0.0
      which: 2.0.2
    dev: false

  /emoji-regex/8.0.0:
    resolution: {integrity: sha512-MSjYzcWNOA0ewAHpz0MxpYFvwg6yjy1NG3xteoqz644VCo/RPgnr1/GGt+ic3iJTzQ8Eu3TdM14SawnVUmGE6A==}
    dev: false

  /external-editor/3.1.0:
    resolution: {integrity: sha512-hMQ4CX1p1izmuLYyZqLMO/qGNw10wSv9QDCPfzXfyFrOaCSSoRfqE1Kf1s5an66J5JZC62NewG+mK49jOCtQew==}
    engines: {node: '>=4'}
    dependencies:
      chardet: 0.7.0
      iconv-lite: 0.4.24
      tmp: 0.0.33
    dev: false

  /iconv-lite/0.4.24:
    resolution: {integrity: sha512-v3MXnZAcvnywkTUEZomIActle7RXXeedOR31wwl7VlyoXO4Qi9arvSenNQWne1TcRwhCL1HwLI21bEqdpj8/rA==}
    engines: {node: '>=0.10.0'}
    dependencies:
      safer-buffer: 2.1.2
    dev: false

  /inquirer/10.0.0:
    resolution: {integrity: sha512-flE/e5bOgsRRd+UrfGe6SfA9gZnGvY69dVUb2TPJn/I1LlbvWTuk0hZXbf7l7KiJwFkDtD9tH37HczSK1+gvww==}
    engines: {node: '>=18'}
    dependencies:
      '@inquirer/prompts': 5.1.2
      '@inquirer/type': 1.4.0
      '@types/mute-stream': 0.0.4
      ansi-escapes: 4.3.2
      mute-stream: 1.0.0
      run-async: 3.0.0
      rxjs: 7.8.1
    dev: false

  /is-fullwidth-code-point/3.0.0:
    resolution: {integrity: sha512-zymm5+u+sCsSWyD9qNaejV3DFvhCKclKdizYaJUuHA83RLjb7nSuGnddCHGv0hk+KY7BMAlsWeK4Ueg6EV6XQg==}
    engines: {node: '>=8'}
    dev: false

  /isexe/2.0.0:
    resolution: {integrity: sha512-RHxMLp9lnKHGHRng9QFhRCMbYAcVpn69smSGcq3f36xjgVVWThj4qqLbTLlq7Ssj8B+fIQ1EuCEGI2lKsyQeIw==}
    dev: false

  /mute-stream/1.0.0:
    resolution: {integrity: sha512-avsJQhyd+680gKXyG/sQc0nXaC6rBkPOfyHYcFb9+hdkqQkR9bdnkJ0AMZhke0oesPqIO+mFFJ+IdBc7mst4IA==}
    engines: {node: ^14.17.0 || ^16.13.0 || >=18.0.0}
    dev: false

  /os-tmpdir/1.0.2:
    resolution: {integrity: sha512-D2FR03Vir7FIu45XBY20mTb+/ZSWB00sjU9jdQXt83gDrI4Ztz5Fs7/yy74g2N5SVQY4xY1qDr4rNddwYRVX0g==}
    engines: {node: '>=0.10.0'}
    dev: false

  /path-key/3.1.1:
    resolution: {integrity: sha512-ojmeN0qd+y0jszEtoY48r0Peq5dwMEkIlCOu6Q5f41lfkswXuKtYrhgoTpLnyIcHm24Uhqx+5Tqm2InSwLhE6Q==}
    engines: {node: '>=8'}
    dev: false

  /prettier/3.0.0:
    resolution: {integrity: sha512-zBf5eHpwHOGPC47h0zrPyNn+eAEIdEzfywMoYn2XPi0P44Zp0tSq64rq0xAREh4auw2cJZHo9QUob+NqCQky4g==}
    engines: {node: '>=14'}
    hasBin: true
    dev: false

  /run-async/3.0.0:
    resolution: {integrity: sha512-540WwVDOMxA6dN6We19EcT9sc3hkXPw5mzRNGM3FkdN/vtE9NFvj5lFAPNwUDmJjXidm3v7TC1cTE7t17Ulm1Q==}
    engines: {node: '>=0.12.0'}
    dev: false

  /rxjs/7.8.1:
    resolution: {integrity: sha512-AA3TVj+0A2iuIoQkWEK/tqFjBq2j+6PO6Y0zJcvzLAFhEFIO3HL0vls9hWLncZbAAbK0mar7oZ4V079I/qPMxg==}
    dependencies:
      tslib: 2.4.1
    dev: false

  /safer-buffer/2.1.2:
    resolution: {integrity: sha512-YZo3K82SD7Riyi0E1EQPojLz7kpepnSQI9IyPbHHg1XXXevb5dJI7tpyN2ADxGcQbHG7vcyRHk0cbwqcQriUtg==}
    dev: false

  /shebang-command/2.0.0:
    resolution: {integrity: sha512-kHxr2zZpYtdmrN1qDjrrX/Z1rR1kG8Dx+gkpK1G4eXmvXswmcE1hTWBWYUzlraYw1/yZp6YuDY77YtvbN0dmDA==}
    engines: {node: '>=8'}
    dependencies:
      shebang-regex: 3.0.0
    dev: false

  /shebang-regex/3.0.0:
    resolution: {integrity: sha512-7++dFhtcx3353uBaq8DDR4NuxBetBzC7ZQOhmTQInHEd6bSrXdiEyzCvG07Z44UYdLShWUyXt5M/yhz8ekcb1A==}
    engines: {node: '>=8'}
    dev: false

  /signal-exit/4.1.0:
    resolution: {integrity: sha512-bzyZ1e88w9O1iNJbKnOlvYTrWPDl46O1bG0D3XInv+9tkPrxrN8jUUTiFlDkkmKWgn1M6CfIA13SuGqOa9Korw==}
    engines: {node: '>=14'}
    dev: false

  /string-width/4.2.3:
    resolution: {integrity: sha512-wKyQRQpjJ0sIp62ErSZdGsjMJWsap5oRNihHhu6G7JVO/9jIB6UyevL+tXuOqrng8j/cxKTWyWUwvSTriiZz/g==}
    engines: {node: '>=8'}
    dependencies:
      emoji-regex: 8.0.0
      is-fullwidth-code-point: 3.0.0
      strip-ansi: 6.0.1
    dev: false

  /strip-ansi/6.0.1:
    resolution: {integrity: sha512-Y38VPSHcqkFrCpFnQ9vuSXmquuv5oXOKpGeT6aGrr3o3Gc9AlVa6JBfUSOCnbxGGZF+/0ooI7KrPuUSztUdU5A==}
    engines: {node: '>=8'}
    dependencies:
      ansi-regex: 5.0.1
    dev: false

  /tmp/0.0.33:
    resolution: {integrity: sha512-jRCJlojKnZ3addtTOjdIqoRuPEKBvNXcGYqzO6zWZX8KfKEpnGY5jfggJQ3EjKuu8D4bJRr0y+cYJFmYbImXGw==}
    engines: {node: '>=0.6.0'}
    dependencies:
      os-tmpdir: 1.0.2
    dev: false

  /tslib/2.4.1:
    resolution: {integrity: sha512-tGyy4dAjRIEwI7BzsB0lynWgOpfqjUdq91XXAlIWD2OwKBH7oCl/GZG/HT4BOHrTlPMOASlMQ7veyTqpmRcrNA==}
    dev: false

  /type-fest/0.21.3:
    resolution: {integrity: sha512-t0rzBq87m3fVcduHDUFhKmyyX+9eo6WQjZvf51Ea/M0Q7+T374Jp1aUiyUl0GKxp8M/OETVHSDvmkyPgvX+X2w==}
    engines: {node: '>=10'}
    dev: false

  /undici-types/5.26.5:
    resolution: {integrity: sha512-JlCMO+ehdEIKqlFxk6IfVoAUVmgz7cU7zD/h9XZ0qzeosSHmUJVOzSQvvYSYWXkFXC+IfLKSIffhv0sVZup6pA==}
    dev: false

  /which/2.0.2:
    resolution: {integrity: sha512-BLI3Tl1TW3Pvl70l3yq3Y64i+awpwXqsGBYWkkqMtnbXgrMD+yj7rhW0kuEDxzJaYXGjEW5ogapKNMEKNMjibA==}
    engines: {node: '>= 8'}
    hasBin: true
    dependencies:
      isexe: 2.0.0
    dev: false

  /wrap-ansi/6.2.0:
    resolution: {integrity: sha512-r6lPcBGxZXlIcymEu7InxDMhdW0KDxpLgoFLcguasxCaJ/SOIZwINatK9KY/tf+ZrlywOKU0UDj3ATXUBfxJXA==}
    engines: {node: '>=8'}
    dependencies:
      ansi-styles: 4.3.0
      string-width: 4.2.3
      strip-ansi: 6.0.1
    dev: false

  /yoctocolors-cjs/2.1.2:
    resolution: {integrity: sha512-cYVsTjKl8b+FrnidjibDWskAv7UKOfcwaVZdp/it9n1s9fU3IkgDbhdIRKCW4JDsAlECJY0ytoVPT3sK6kideA==}
    engines: {node: '>=18'}
    dev: false
